// !$*UTF8*$!
{
	archiveVersion = 1;
	classes = {
	};
	objectVersion = 46;
	objects = {

/* Begin PBXBuildFile section */
		53D6506E19CCBE230009E2BA /* Foundation.framework in Frameworks */ = {isa = PBXBuildFile; fileRef = 53D6506D19CCBE230009E2BA /* Foundation.framework */; };
		53D6507019CCBE230009E2BA /* CoreGraphics.framework in Frameworks */ = {isa = PBXBuildFile; fileRef = 53D6506F19CCBE230009E2BA /* CoreGraphics.framework */; };
		53D6507219CCBE230009E2BA /* UIKit.framework in Frameworks */ = {isa = PBXBuildFile; fileRef = 53D6507119CCBE230009E2BA /* UIKit.framework */; };
		53D6507819CCBE230009E2BA /* InfoPlist.strings in Resources */ = {isa = PBXBuildFile; fileRef = 53D6507619CCBE230009E2BA /* InfoPlist.strings */; };
		53D6507A19CCBE230009E2BA /* main.m in Sources */ = {isa = PBXBuildFile; fileRef = 53D6507919CCBE230009E2BA /* main.m */; };
		53D6507E19CCBE230009E2BA /* CCAppDelegate.m in Sources */ = {isa = PBXBuildFile; fileRef = 53D6507D19CCBE230009E2BA /* CCAppDelegate.m */; };
		53D6508119CCBE230009E2BA /* Main.storyboard in Resources */ = {isa = PBXBuildFile; fileRef = 53D6507F19CCBE230009E2BA /* Main.storyboard */; };
		53D6508419CCBE230009E2BA /* CCViewController.m in Sources */ = {isa = PBXBuildFile; fileRef = 53D6508319CCBE230009E2BA /* CCViewController.m */; };
		53D6508619CCBE230009E2BA /* Images.xcassets in Resources */ = {isa = PBXBuildFile; fileRef = 53D6508519CCBE230009E2BA /* Images.xcassets */; };
		53D6508D19CCBE230009E2BA /* XCTest.framework in Frameworks */ = {isa = PBXBuildFile; fileRef = 53D6508C19CCBE230009E2BA /* XCTest.framework */; };
		53D6508E19CCBE230009E2BA /* Foundation.framework in Frameworks */ = {isa = PBXBuildFile; fileRef = 53D6506D19CCBE230009E2BA /* Foundation.framework */; };
		53D6508F19CCBE230009E2BA /* UIKit.framework in Frameworks */ = {isa = PBXBuildFile; fileRef = 53D6507119CCBE230009E2BA /* UIKit.framework */; };
		53D6509719CCBE230009E2BA /* InfoPlist.strings in Resources */ = {isa = PBXBuildFile; fileRef = 53D6509519CCBE230009E2BA /* InfoPlist.strings */; };
		53D6509919CCBE230009E2BA /* Passing_Data_Challenge_Solution_V135Tests.m in Sources */ = {isa = PBXBuildFile; fileRef = 53D6509819CCBE230009E2BA /* Passing_Data_Challenge_Solution_V135Tests.m */; };
/* End PBXBuildFile section */

/* Begin PBXContainerItemProxy section */
		53D6509019CCBE230009E2BA /* PBXContainerItemProxy */ = {
			isa = PBXContainerItemProxy;
			containerPortal = 53D6506219CCBE230009E2BA /* Project object */;
			proxyType = 1;
			remoteGlobalIDString = 53D6506919CCBE230009E2BA;
			remoteInfo = "Passing Data Challenge Solution V135";
		};
/* End PBXContainerItemProxy section */

/* Begin PBXFileReference section */
		53D6506A19CCBE230009E2BA /* Passing Data Challenge Solution V135.app */ = {isa = PBXFileReference; explicitFileType = wrapper.application; includeInIndex = 0; path = "Passing Data Challenge Solution V135.app"; sourceTree = BUILT_PRODUCTS_DIR; };
		53D6506D19CCBE230009E2BA /* Foundation.framework */ = {isa = PBXFileReference; lastKnownFileType = wrapper.framework; name = Foundation.framework; path = System/Library/Frameworks/Foundation.framework; sourceTree = SDKROOT; };
		53D6506F19CCBE230009E2BA /* CoreGraphics.framework */ = {isa = PBXFileReference; lastKnownFileType = wrapper.framework; name = CoreGraphics.framework; path = System/Library/Frameworks/CoreGraphics.framework; sourceTree = SDKROOT; };
		53D6507119CCBE230009E2BA /* UIKit.framework */ = {isa = PBXFileReference; lastKnownFileType = wrapper.framework; name = UIKit.framework; path = System/Library/Frameworks/UIKit.framework; sourceTree = SDKROOT; };
		53D6507519CCBE230009E2BA /* Passing Data Challenge Solution V135-Info.plist */ = {isa = PBXFileReference; lastKnownFileType = text.plist.xml; path = "Passing Data Challenge Solution V135-Info.plist"; sourceTree = "<group>"; };
		53D6507719CCBE230009E2BA /* en */ = {isa = PBXFileReference; lastKnownFileType = text.plist.strings; name = en; path = en.lproj/InfoPlist.strings; sourceTree = "<group>"; };
		53D6507919CCBE230009E2BA /* main.m */ = {isa = PBXFileReference; lastKnownFileType = sourcecode.c.objc; path = main.m; sourceTree = "<group>"; };
		53D6507B19CCBE230009E2BA /* Passing Data Challenge Solution V135-Prefix.pch */ = {isa = PBXFileReference; lastKnownFileType = sourcecode.c.h; path = "Passing Data Challenge Solution V135-Prefix.pch"; sourceTree = "<group>"; };
		53D6507C19CCBE230009E2BA /* CCAppDelegate.h */ = {isa = PBXFileReference; lastKnownFileType = sourcecode.c.h; path = CCAppDelegate.h; sourceTree = "<group>"; };
		53D6507D19CCBE230009E2BA /* CCAppDelegate.m */ = {isa = PBXFileReference; lastKnownFileType = sourcecode.c.objc; path = CCAppDelegate.m; sourceTree = "<group>"; };
		53D6508019CCBE230009E2BA /* Base */ = {isa = PBXFileReference; lastKnownFileType = file.storyboard; name = Base; path = Base.lproj/Main.storyboard; sourceTree = "<group>"; };
		53D6508219CCBE230009E2BA /* CCViewController.h */ = {isa = PBXFileReference; lastKnownFileType = sourcecode.c.h; path = CCViewController.h; sourceTree = "<group>"; };
		53D6508319CCBE230009E2BA /* CCViewController.m */ = {isa = PBXFileReference; lastKnownFileType = sourcecode.c.objc; path = CCViewController.m; sourceTree = "<group>"; };
		53D6508519CCBE230009E2BA /* Images.xcassets */ = {isa = PBXFileReference; lastKnownFileType = folder.assetcatalog; path = Images.xcassets; sourceTree = "<group>"; };
		53D6508B19CCBE230009E2BA /* Passing Data Challenge Solution V135Tests.xctest */ = {isa = PBXFileReference; explicitFileType = wrapper.cfbundle; includeInIndex = 0; path = "Passing Data Challenge Solution V135Tests.xctest"; sourceTree = BUILT_PRODUCTS_DIR; };
		53D6508C19CCBE230009E2BA /* XCTest.framework */ = {isa = PBXFileReference; lastKnownFileType = wrapper.framework; name = XCTest.framework; path = Library/Frameworks/XCTest.framework; sourceTree = DEVELOPER_DIR; };
		53D6509419CCBE230009E2BA /* Passing Data Challenge Solution V135Tests-Info.plist */ = {isa = PBXFileReference; lastKnownFileType = text.plist.xml; path = "Passing Data Challenge Solution V135Tests-Info.plist"; sourceTree = "<group>"; };
		53D6509619CCBE230009E2BA /* en */ = {isa = PBXFileReference; lastKnownFileType = text.plist.strings; name = en; path = en.lproj/InfoPlist.strings; sourceTree = "<group>"; };
		53D6509819CCBE230009E2BA /* Passing_Data_Challenge_Solution_V135Tests.m */ = {isa = PBXFileReference; lastKnownFileType = sourcecode.c.objc; path = Passing_Data_Challenge_Solution_V135Tests.m; sourceTree = "<group>"; };
/* End PBXFileReference section */

/* Begin PBXFrameworksBuildPhase section */
		53D6506719CCBE230009E2BA /* Frameworks */ = {
			isa = PBXFrameworksBuildPhase;
			buildActionMask = 2147483647;
			files = (
				53D6507019CCBE230009E2BA /* CoreGraphics.framework in Frameworks */,
				53D6507219CCBE230009E2BA /* UIKit.framework in Frameworks */,
				53D6506E19CCBE230009E2BA /* Foundation.framework in Frameworks */,
			);
			runOnlyForDeploymentPostprocessing = 0;
		};
		53D6508819CCBE230009E2BA /* Frameworks */ = {
			isa = PBXFrameworksBuildPhase;
			buildActionMask = 2147483647;
			files = (
				53D6508D19CCBE230009E2BA /* XCTest.framework in Frameworks */,
				53D6508F19CCBE230009E2BA /* UIKit.framework in Frameworks */,
				53D6508E19CCBE230009E2BA /* Foundation.framework in Frameworks */,
			);
			runOnlyForDeploymentPostprocessing = 0;
		};
/* End PBXFrameworksBuildPhase section */

/* Begin PBXGroup section */
		53D6506119CCBE230009E2BA = {
			isa = PBXGroup;
			children = (
				53D6507319CCBE230009E2BA /* Passing Data Challenge Solution V135 */,
				53D6509219CCBE230009E2BA /* Passing Data Challenge Solution V135Tests */,
				53D6506C19CCBE230009E2BA /* Frameworks */,
				53D6506B19CCBE230009E2BA /* Products */,
			);
			sourceTree = "<group>";
		};
		53D6506B19CCBE230009E2BA /* Products */ = {
			isa = PBXGroup;
			children = (
				53D6506A19CCBE230009E2BA /* Passing Data Challenge Solution V135.app */,
				53D6508B19CCBE230009E2BA /* Passing Data Challenge Solution V135Tests.xctest */,
			);
			name = Products;
			sourceTree = "<group>";
		};
		53D6506C19CCBE230009E2BA /* Frameworks */ = {
			isa = PBXGroup;
			children = (
				53D6506D19CCBE230009E2BA /* Foundation.framework */,
				53D6506F19CCBE230009E2BA /* CoreGraphics.framework */,
				53D6507119CCBE230009E2BA /* UIKit.framework */,
				53D6508C19CCBE230009E2BA /* XCTest.framework */,
			);
			name = Frameworks;
			sourceTree = "<group>";
		};
		53D6507319CCBE230009E2BA /* Passing Data Challenge Solution V135 */ = {
			isa = PBXGroup;
			children = (
				53D6507C19CCBE230009E2BA /* CCAppDelegate.h */,
				53D6507D19CCBE230009E2BA /* CCAppDelegate.m */,
				53D6507F19CCBE230009E2BA /* Main.storyboard */,
				53D6508219CCBE230009E2BA /* CCViewController.h */,
				53D6508319CCBE230009E2BA /* CCViewController.m */,
				53D6508519CCBE230009E2BA /* Images.xcassets */,
				53D6507419CCBE230009E2BA /* Supporting Files */,
			);
			path = "Passing Data Challenge Solution V135";
			sourceTree = "<group>";
		};
		53D6507419CCBE230009E2BA /* Supporting Files */ = {
			isa = PBXGroup;
			children = (
				53D6507519CCBE230009E2BA /* Passing Data Challenge Solution V135-Info.plist */,
				53D6507619CCBE230009E2BA /* InfoPlist.strings */,
				53D6507919CCBE230009E2BA /* main.m */,
				53D6507B19CCBE230009E2BA /* Passing Data Challenge Solution V135-Prefix.pch */,
			);
			name = "Supporting Files";
			sourceTree = "<group>";
		};
		53D6509219CCBE230009E2BA /* Passing Data Challenge Solution V135Tests */ = {
			isa = PBXGroup;
			children = (
				53D6509819CCBE230009E2BA /* Passing_Data_Challenge_Solution_V135Tests.m */,
				53D6509319CCBE230009E2BA /* Supporting Files */,
			);
			path = "Passing Data Challenge Solution V135Tests";
			sourceTree = "<group>";
		};
		53D6509319CCBE230009E2BA /* Supporting Files */ = {
			isa = PBXGroup;
			children = (
				53D6509419CCBE230009E2BA /* Passing Data Challenge Solution V135Tests-Info.plist */,
				53D6509519CCBE230009E2BA /* InfoPlist.strings */,
			);
			name = "Supporting Files";
			sourceTree = "<group>";
		};
/* End PBXGroup section */

/* Begin PBXNativeTarget section */
		53D6506919CCBE230009E2BA /* Passing Data Challenge Solution V135 */ = {
			isa = PBXNativeTarget;
			buildConfigurationList = 53D6509C19CCBE230009E2BA /* Build configuration list for PBXNativeTarget "Passing Data Challenge Solution V135" */;
			buildPhases = (
				53D6506619CCBE230009E2BA /* Sources */,
				53D6506719CCBE230009E2BA /* Frameworks */,
				53D6506819CCBE230009E2BA /* Resources */,
			);
			buildRules = (
			);
			dependencies = (
			);
			name = "Passing Data Challenge Solution V135";
			productName = "Passing Data Challenge Solution V135";
			productReference = 53D6506A19CCBE230009E2BA /* Passing Data Challenge Solution V135.app */;
			productType = "com.apple.product-type.application";
		};
		53D6508A19CCBE230009E2BA /* Passing Data Challenge Solution V135Tests */ = {
			isa = PBXNativeTarget;
			buildConfigurationList = 53D6509F19CCBE230009E2BA /* Build configuration list for PBXNativeTarget "Passing Data Challenge Solution V135Tests" */;
			buildPhases = (
				53D6508719CCBE230009E2BA /* Sources */,
				53D6508819CCBE230009E2BA /* Frameworks */,
				53D6508919CCBE230009E2BA /* Resources */,
			);
			buildRules = (
			);
			dependencies = (
				53D6509119CCBE230009E2BA /* PBXTargetDependency */,
			);
			name = "Passing Data Challenge Solution V135Tests";
			productName = "Passing Data Challenge Solution V135Tests";
			productReference = 53D6508B19CCBE230009E2BA /* Passing Data Challenge Solution V135Tests.xctest */;
			productType = "com.apple.product-type.bundle.unit-test";
		};
/* End PBXNativeTarget section */

/* Begin PBXProject section */
		53D6506219CCBE230009E2BA /* Project object */ = {
			isa = PBXProject;
			attributes = {
				CLASSPREFIX = CC;
				LastUpgradeCheck = 0510;
				TargetAttributes = {
					53D6508A19CCBE230009E2BA = {
						TestTargetID = 53D6506919CCBE230009E2BA;
					};
				};
			};
			buildConfigurationList = 53D6506519CCBE230009E2BA /* Build configuration list for PBXProject "Passing Data Challenge Solution V135" */;
			compatibilityVersion = "Xcode 3.2";
			developmentRegion = English;
			hasScannedForEncodings = 0;
			knownRegions = (
				en,
				Base,
			);
			mainGroup = 53D6506119CCBE230009E2BA;
			productRefGroup = 53D6506B19CCBE230009E2BA /* Products */;
			projectDirPath = "";
			projectRoot = "";
			targets = (
				53D6506919CCBE230009E2BA /* Passing Data Challenge Solution V135 */,
				53D6508A19CCBE230009E2BA /* Passing Data Challenge Solution V135Tests */,
			);
		};
/* End PBXProject section */

/* Begin PBXResourcesBuildPhase section */
		53D6506819CCBE230009E2BA /* Resources */ = {
			isa = PBXResourcesBuildPhase;
			buildActionMask = 2147483647;
			files = (
				53D6508619CCBE230009E2BA /* Images.xcassets in Resources */,
				53D6507819CCBE230009E2BA /* InfoPlist.strings in Resources */,
				53D6508119CCBE230009E2BA /* Main.storyboard in Resources */,
			);
			runOnlyForDeploymentPostprocessing = 0;
		};
		53D6508919CCBE230009E2BA /* Resources */ = {
			isa = PBXResourcesBuildPhase;
			buildActionMask = 2147483647;
			files = (
				53D6509719CCBE230009E2BA /* InfoPlist.strings in Resources */,
			);
			runOnlyForDeploymentPostprocessing = 0;
		};
/* End PBXResourcesBuildPhase section */

/* Begin PBXSourcesBuildPhase section */
		53D6506619CCBE230009E2BA /* Sources */ = {
			isa = PBXSourcesBuildPhase;
			buildActionMask = 2147483647;
			files = (
				53D6507E19CCBE230009E2BA /* CCAppDelegate.m in Sources */,
				53D6507A19CCBE230009E2BA /* main.m in Sources */,
				53D6508419CCBE230009E2BA /* CCViewController.m in Sources */,
			);
			runOnlyForDeploymentPostprocessing = 0;
		};
		53D6508719CCBE230009E2BA /* Sources */ = {
			isa = PBXSourcesBuildPhase;
			buildActionMask = 2147483647;
			files = (
				53D6509919CCBE230009E2BA /* Passing_Data_Challenge_Solution_V135Tests.m in Sources */,
			);
			runOnlyForDeploymentPostprocessing = 0;
		};
/* End PBXSourcesBuildPhase section */

/* Begin PBXTargetDependency section */
		53D6509119CCBE230009E2BA /* PBXTargetDependency */ = {
			isa = PBXTargetDependency;
			target = 53D6506919CCBE230009E2BA /* Passing Data Challenge Solution V135 */;
			targetProxy = 53D6509019CCBE230009E2BA /* PBXContainerItemProxy */;
		};
/* End PBXTargetDependency section */

/* Begin PBXVariantGroup section */
		53D6507619CCBE230009E2BA /* InfoPlist.strings */ = {
			isa = PBXVariantGroup;
			children = (
				53D6507719CCBE230009E2BA /* en */,
			);
			name = InfoPlist.strings;
			sourceTree = "<group>";
		};
		53D6507F19CCBE230009E2BA /* Main.storyboard */ = {
			isa = PBXVariantGroup;
			children = (
				53D6508019CCBE230009E2BA /* Base */,
			);
			name = Main.storyboard;
			sourceTree = "<group>";
		};
		53D6509519CCBE230009E2BA /* InfoPlist.strings */ = {
			isa = PBXVariantGroup;
			children = (
				53D6509619CCBE230009E2BA /* en */,
			);
			name = InfoPlist.strings;
			sourceTree = "<group>";
		};
/* End PBXVariantGroup section */

/* Begin XCBuildConfiguration section */
		53D6509A19CCBE230009E2BA /* Debug */ = {
			isa = XCBuildConfiguration;
			buildSettings = {
				ALWAYS_SEARCH_USER_PATHS = NO;
				CLANG_CXX_LANGUAGE_STANDARD = "gnu++0x";
				CLANG_CXX_LIBRARY = "libc++";
				CLANG_ENABLE_MODULES = YES;
				CLANG_ENABLE_OBJC_ARC = YES;
				CLANG_WARN_BOOL_CONVERSION = YES;
				CLANG_WARN_CONSTANT_CONVERSION = YES;
				CLANG_WARN_DIRECT_OBJC_ISA_USAGE = YES_ERROR;
				CLANG_WARN_EMPTY_BODY = YES;
				CLANG_WARN_ENUM_CONVERSION = YES;
				CLANG_WARN_INT_CONVERSION = YES;
				CLANG_WARN_OBJC_ROOT_CLASS = YES_ERROR;
				CLANG_WARN__DUPLICATE_METHOD_MATCH = YES;
				"CODE_SIGN_IDENTITY[sdk=iphoneos*]" = "iPhone Developer";
				COPY_PHASE_STRIP = NO;
				GCC_C_LANGUAGE_STANDARD = gnu99;
				GCC_DYNAMIC_NO_PIC = NO;
				GCC_OPTIMIZATION_LEVEL = 0;
				GCC_PREPROCESSOR_DEFINITIONS = (
					"DEBUG=1",
					"$(inherited)",
				);
				GCC_SYMBOLS_PRIVATE_EXTERN = NO;
				GCC_WARN_64_TO_32_BIT_CONVERSION = YES;
				GCC_WARN_ABOUT_RETURN_TYPE = YES_ERROR;
				GCC_WARN_UNDECLARED_SELECTOR = YES;
				GCC_WARN_UNINITIALIZED_AUTOS = YES_AGGRESSIVE;
				GCC_WARN_UNUSED_FUNCTION = YES;
				GCC_WARN_UNUSED_VARIABLE = YES;
				IPHONEOS_DEPLOYMENT_TARGET = 7.1;
				ONLY_ACTIVE_ARCH = YES;
				SDKROOT = iphoneos;
			};
			name = Debug;
		};
		53D6509B19CCBE230009E2BA /* Release */ = {
			isa = XCBuildConfiguration;
			buildSettings = {
				ALWAYS_SEARCH_USER_PATHS = NO;
				CLANG_CXX_LANGUAGE_STANDARD = "gnu++0x";
				CLANG_CXX_LIBRARY = "libc++";
				CLANG_ENABLE_MODULES = YES;
				CLANG_ENABLE_OBJC_ARC = YES;
				CLANG_WARN_BOOL_CONVERSION = YES;
				CLANG_WARN_CONSTANT_CONVERSION = YES;
				CLANG_WARN_DIRECT_OBJC_ISA_USAGE = YES_ERROR;
				CLANG_WARN_EMPTY_BODY = YES;
				CLANG_WARN_ENUM_CONVERSION = YES;
				CLANG_WARN_INT_CONVERSION = YES;
				CLANG_WARN_OBJC_ROOT_CLASS = YES_ERROR;
				CLANG_WARN__DUPLICATE_METHOD_MATCH = YES;
				"CODE_SIGN_IDENTITY[sdk=iphoneos*]" = "iPhone Developer";
				COPY_PHASE_STRIP = YES;
				ENABLE_NS_ASSERTIONS = NO;
				GCC_C_LANGUAGE_STANDARD = gnu99;
				GCC_WARN_64_TO_32_BIT_CONVERSION = YES;
				GCC_WARN_ABOUT_RETURN_TYPE = YES_ERROR;
				GCC_WARN_UNDECLARED_SELECTOR = YES;
				GCC_WARN_UNINITIALIZED_AUTOS = YES_AGGRESSIVE;
				GCC_WARN_UNUSED_FUNCTION = YES;
				GCC_WARN_UNUSED_VARIABLE = YES;
				IPHONEOS_DEPLOYMENT_TARGET = 7.1;
				SDKROOT = iphoneos;
				VALIDATE_PRODUCT = YES;
			};
			name = Release;
		};
		53D6509D19CCBE230009E2BA /* Debug */ = {
			isa = XCBuildConfiguration;
			buildSettings = {
				ASSETCATALOG_COMPILER_APPICON_NAME = AppIcon;
				ASSETCATALOG_COMPILER_LAUNCHIMAGE_NAME = LaunchImage;
				GCC_PRECOMPILE_PREFIX_HEADER = YES;
				GCC_PREFIX_HEADER = "Passing Data Challenge Solution V135/Passing Data Challenge Solution V135-Prefix.pch";
				INFOPLIST_FILE = "Passing Data Challenge Solution V135/Passing Data Challenge Solution V135-Info.plist";
				PRODUCT_NAME = "$(TARGET_NAME)";
				WRAPPER_EXTENSION = app;
			};
			name = Debug;
		};
		53D6509E19CCBE230009E2BA /* Release */ = {
			isa = XCBuildConfiguration;
			buildSettings = {
				ASSETCATALOG_COMPILER_APPICON_NAME = AppIcon;
				ASSETCATALOG_COMPILER_LAUNCHIMAGE_NAME = LaunchImage;
				GCC_PRECOMPILE_PREFIX_HEADER = YES;
				GCC_PREFIX_HEADER = "Passing Data Challenge Solution V135/Passing Data Challenge Solution V135-Prefix.pch";
				INFOPLIST_FILE = "Passing Data Challenge Solution V135/Passing Data Challenge Solution V135-Info.plist";
				PRODUCT_NAME = "$(TARGET_NAME)";
				WRAPPER_EXTENSION = app;
			};
			name = Release;
		};
		53D650A019CCBE230009E2BA /* Debug */ = {
			isa = XCBuildConfiguration;
			buildSettings = {
				BUNDLE_LOADER = "$(BUILT_PRODUCTS_DIR)/Passing Data Challenge Solution V135.app/Passing Data Challenge Solution V135";
				FRAMEWORK_SEARCH_PATHS = (
					"$(SDKROOT)/Developer/Library/Frameworks",
					"$(inherited)",
					"$(DEVELOPER_FRAMEWORKS_DIR)",
				);
				GCC_PRECOMPILE_PREFIX_HEADER = YES;
				GCC_PREFIX_HEADER = "Passing Data Challenge Solution V135/Passing Data Challenge Solution V135-Prefix.pch";
				GCC_PREPROCESSOR_DEFINITIONS = (
					"DEBUG=1",
					"$(inherited)",
				);
				INFOPLIST_FILE = "Passing Data Challenge Solution V135Tests/Passing Data Challenge Solution V135Tests-Info.plist";
				PRODUCT_NAME = "$(TARGET_NAME)";
				TEST_HOST = "$(BUNDLE_LOADER)";
				WRAPPER_EXTENSION = xctest;
			};
			name = Debug;
		};
		53D650A119CCBE230009E2BA /* Release */ = {
			isa = XCBuildConfiguration;
			buildSettings = {
				BUNDLE_LOADER = "$(BUILT_PRODUCTS_DIR)/Passing Data Challenge Solution V135.app/Passing Data Challenge Solution V135";
				FRAMEWORK_SEARCH_PATHS = (
					"$(SDKROOT)/Developer/Library/Frameworks",
					"$(inherited)",
					"$(DEVELOPER_FRAMEWORKS_DIR)",
				);
				GCC_PRECOMPILE_PREFIX_HEADER = YES;
				GCC_PREFIX_HEADER = "Passing Data Challenge Solution V135/Passing Data Challenge Solution V135-Prefix.pch";
				INFOPLIST_FILE = "Passing Data Challenge Solution V135Tests/Passing Data Challenge Solution V135Tests-Info.plist";
				PRODUCT_NAME = "$(TARGET_NAME)";
				TEST_HOST = "$(BUNDLE_LOADER)";
				WRAPPER_EXTENSION = xctest;
			};
			name = Release;
		};
/* End XCBuildConfiguration section */

/* Begin XCConfigurationList section */
		53D6506519CCBE230009E2BA /* Build configuration list for PBXProject "Passing Data Challenge Solution V135" */ = {
			isa = XCConfigurationList;
			buildConfigurations = (
				53D6509A19CCBE230009E2BA /* Debug */,
				53D6509B19CCBE230009E2BA /* Release */,
			);
			defaultConfigurationIsVisible = 0;
			defaultConfigurationName = Release;
		};
		53D6509C19CCBE230009E2BA /* Build configuration list for PBXNativeTarget "Passing Data Challenge Solution V135" */ = {
			isa = XCConfigurationList;
			buildConfigurations = (
				53D6509D19CCBE230009E2BA /* Debug */,
				53D6509E19CCBE230009E2BA /* Release */,
			);
			defaultConfigurationIsVisible = 0;
		};
		53D6509F19CCBE230009E2BA /* Build configuration list for PBXNativeTarget "Passing Data Challenge Solution V135Tests" */ = {
			isa = XCConfigurationList;
			buildConfigurations = (
				53D650A019CCBE230009E2BA /* Debug */,
				53D650A119CCBE230009E2BA /* Release */,
			);
			defaultConfigurationIsVisible = 0;
		};
/* End XCConfigurationList section */
	};
	rootObject = 53D6506219CCBE230009E2BA /* Project object */;
}
